{
  "name": "poc.sitemap",
  "version": "1.0.0",
  "lockfileVersion": 1,
  "requires": true,
  "dependencies": {
    "@sigma/edge-curve": {
      "version": "3.0.0-beta.13",
      "resolved": "https://registry.npmjs.org/@sigma/edge-curve/-/edge-curve-3.0.0-beta.13.tgz",
      "integrity": "sha512-eMFBRATixcbMxXbqFUVKdjRJHM5QLUefAMDCpcqNbFvR+qZTzVVuWnH8MtXnMiBs799YUZa5ug+dDk/R07pVfA=="
    },
    "@sigma/node-image": {
      "version": "3.0.0-beta.12",
      "resolved": "https://registry.npmjs.org/@sigma/node-image/-/node-image-3.0.0-beta.12.tgz",
      "integrity": "sha512-l7Qe6qylooj6eLKmFQB9NzYe1t7WRrfinK9kvYHc41xmQNorJJqrWQFIltUDUaBPdE68u6mrVa5kK3LNa6iGcA=="
    },
    "clone": {
      "version": "1.0.4",
      "resolved": "https://registry.npmjs.org/clone/-/clone-1.0.4.tgz",
      "integrity": "sha512-JQHZ2QMW6l3aH/j6xCqQThY/9OH4D/9ls34cgkUBiEeocRTU04tHfKPBsUK1PqZCUQM7GiA0IIXJSuXHI64Kbg==",
      "optional": true
    },
    "console.table": {
      "version": "0.10.0",
      "resolved": "https://registry.npmjs.org/console.table/-/console.table-0.10.0.tgz",
      "integrity": "sha512-dPyZofqggxuvSf7WXvNjuRfnsOk1YazkVP8FdxH4tcH2c37wc79/Yl6Bhr7Lsu00KMgy2ql/qCMuNu8xctZM8g==",
      "requires": {
        "easy-table": "1.1.0"
      }
    },
    "defaults": {
      "version": "1.0.4",
      "resolved": "https://registry.npmjs.org/defaults/-/defaults-1.0.4.tgz",
      "integrity": "sha512-eFuaLoy/Rxalv2kr+lqMlUnrDWV+3j4pljOIJgLIhI058IQfWJ7vXhyEIHu+HtC738klGALYxOKDO0bQP3tg8A==",
      "optional": true,
      "requires": {
        "clone": "^1.0.2"
      }
    },
    "easy-table": {
      "version": "1.1.0",
      "resolved": "https://registry.npmjs.org/easy-table/-/easy-table-1.1.0.tgz",
      "integrity": "sha512-oq33hWOSSnl2Hoh00tZWaIPi1ievrD9aFG82/IgjlycAnW9hHx5PkJiXpxPsgEE+H7BsbVQXFVFST8TEXS6/pA==",
      "requires": {
        "wcwidth": ">=1.0.1"
      }
    },
    "events": {
      "version": "3.3.0",
      "resolved": "https://registry.npmjs.org/events/-/events-3.3.0.tgz",
      "integrity": "sha512-mQw+2fkQbALzQ7V0MY0IqdnXNOeTtP4r0lN9z7AAawCXgqea7bDii20AYrIBrFd/Hx0M2Ocz6S111CaFkUcb0Q=="
    },
    "graphology": {
      "version": "0.25.4",
      "resolved": "https://registry.npmjs.org/graphology/-/graphology-0.25.4.tgz",
      "integrity": "sha512-33g0Ol9nkWdD6ulw687viS8YJQBxqG5LWII6FI6nul0pq6iM2t5EKquOTFDbyTblRB3O9I+7KX4xI8u5ffekAQ==",
      "requires": {
        "events": "^3.3.0",
        "obliterator": "^2.0.2"
      }
    },
    "graphology-utils": {
      "version": "2.5.2",
      "resolved": "https://registry.npmjs.org/graphology-utils/-/graphology-utils-2.5.2.tgz",
      "integrity": "sha512-ckHg8MXrXJkOARk56ZaSCM1g1Wihe2d6iTmz1enGOz4W/l831MBCKSayeFQfowgF8wd+PQ4rlch/56Vs/VZLDQ=="
    },
    "obliterator": {
      "version": "2.0.4",
      "resolved": "https://registry.npmjs.org/obliterator/-/obliterator-2.0.4.tgz",
      "integrity": "sha512-lgHwxlxV1qIg1Eap7LgIeoBWIMFibOjbrYPIPJZcI1mmGAI2m3lNYpK12Y+GBdPQ0U1hRwSord7GIaawz962qQ=="
    },
    "sigma": {
      "version": "3.0.0-beta.24",
      "resolved": "https://registry.npmjs.org/sigma/-/sigma-3.0.0-beta.24.tgz",
      "integrity": "sha512-Wd8aDSFN02wzJnG/oByQQtgpnvkVL6aLzG6Jhvo3mZ65ZNpQVZwlQLRK2hsxeXZo73iUEueZbUn6TRedyOer7Q==",
      "requires": {
        "events": "^3.3.0",
        "graphology-utils": "^2.5.2"
      }
    },
    "wcwidth": {
      "version": "1.0.1",
      "resolved": "https://registry.npmjs.org/wcwidth/-/wcwidth-1.0.1.tgz",
      "integrity": "sha512-XHPEwS0q6TaxcvG85+8EYkbiCux2XtWG2mkc47Ng2A77BQu9+DqIOJldST4HgPkuea7dvKSj5VgX3P1d4rW8Tg==",
      "optional": true,
      "requires": {
        "defaults": "^1.0.3"
      }
    }
  }
}
